github.com/aclements/go-z3 v0.0.0-20220809013456-4675d5f90ca5 h1:A27FEXOK2zSHuCwXwmPIKfrHcT+caybRGb1kaW4KOBI=
github.com/aclements/go-z3 v0.0.0-20220809013456-4675d5f90ca5/go.mod h1:Dcqk4DTCIWIVv0jiFnYg5nnTIOWZ3JgU/mYjb5puA1s=
golang.org/x/mod v0.10.0 h1:lFO9qtOdlre5W1jxS3r/4szv2/6iXxScdzjoBMXNhYk=
golang.org/x/mod v0.10.0/go.mod h1:iBbtSCu2XBx23ZKBPSOrRkjjQPZFPuis4dIYUhu/chs=
golang.org/x/sys v0.8.0 h1:EBmGv8NaZBZTWvrbjNoL6HVt+IVy3QDQpJs7VRIw3tU=
golang.org/x/sys v0.8.0/go.mod h1:oPkhp1MJrh7nUepCBck5+mAzfO9JrbApNNgaTdGDITg=
